{
  "name": "project1",
  "lockfileVersion": 3,
  "requires": true,
  "packages": {
    "": {
      "dependencies": {
        "leaflet-extra-markers": "^1.2.2"
      }
    },
    "node_modules/leaflet": {
      "version": "1.9.4",
      "resolved": "https://registry.npmjs.org/leaflet/-/leaflet-1.9.4.tgz",
      "integrity": "sha512-nxS1ynzJOmOlHp+iL3FyWqK89GtNL8U8rvlMOsQdTTssxZwCXh8N2NB3GDQOL+YR3XnWyZAxwQixURb+FA74PA==",
      "peer": true
    },
    "node_modules/leaflet-extra-markers": {
      "version": "1.2.2",
      "resolved": "https://registry.npmjs.org/leaflet-extra-markers/-/leaflet-extra-markers-1.2.2.tgz",
      "integrity": "sha512-LQUicXhyOwq0wOFtEftJg9IzAGcQI+6mHgh3wsVntrid149BTqsEgh1UcxPPtzcL7xt8jXY0rssfz7DUZuQudg==",
      "peerDependencies": {
        "leaflet": ">= 0.5 < 2"
      }
    }
  }
}
